# This file is automatically @generated by Cargo.
# It is not intended for manual editing.
version = 4

[[package]]
name = "cinematch-db"
version = "0.1.0"

[[package]]
name = "cinematch-party-api"
version = "0.1.0"

[[package]]
name = "cinematch-recommendation-engine"
version = "0.1.0"

[[package]]
name = "cinematch-server"
version = "0.1.0"
